
Microsoft Visual Studio Solution File, Format Version 12.00
# Visual Studio Version 16
VisualStudioVersion = 16.0.30907.101
MinimumVisualStudioVersion = 10.0.40219.1
Project("{8BC9CEB8-8B4A-11D0-8D11-00A0C91BC942}") = "LR5_var10_z1_VS", "LR5_var10_z1_VS.vcxproj", "{61679BA6-2DF3-4A86-86B6-4418FC48E25D}"
EndProject
Global
	GlobalSection(SolutionConfigurationPlatforms) = preSolution
		Debug|x64 = Debug|x64
		Debug|x86 = Debug|x86
		Release|x64 = Release|x64
		Release|x86 = Release|x86
	EndGlobalSection
	GlobalSection(ProjectConfigurationPlatforms) = postSolution
		{61679BA6-2DF3-4A86-86B6-4418FC48E25D}.Debug|x64.ActiveCfg = Debug|x64
		{61679BA6-2DF3-4A86-86B6-4418FC48E25D}.Debug|x64.Build.0 = Debug|x64
		{61679BA6-2DF3-4A86-86B6-4418FC48E25D}.Debug|x86.ActiveCfg = Debug|Win32
		{61679BA6-2DF3-4A86-86B6-4418FC48E25D}.Debug|x86.Build.0 = Debug|Win32
		{61679BA6-2DF3-4A86-86B6-4418FC48E25D}.Release|x64.ActiveCfg = Release|x64
		{61679BA6-2DF3-4A86-86B6-4418FC48E25D}.Release|x64.Build.0 = Release|x64
		{61679BA6-2DF3-4A86-86B6-4418FC48E25D}.Release|x86.ActiveCfg = Release|Win32
		{61679BA6-2DF3-4A86-86B6-4418FC48E25D}.Release|x86.Build.0 = Release|Win32
	EndGlobalSection
	GlobalSection(SolutionProperties) = preSolution
		HideSolutionNode = FALSE
	EndGlobalSection
	GlobalSection(ExtensibilityGlobals) = postSolution
		SolutionGuid = {53E51A65-E222-44FA-B08C-7C2C27D1FBD6}
	EndGlobalSection
EndGlobal
